{
  "name": "documentation-site",
  "version": "0.3.0-platform-mvp",
  "lockfileVersion": 3,
  "requires": true,
  "packages": {
    "": {
      "name": "documentation-site",
      "version": "0.3.0-platform-mvp",
      "dependencies": {
        "flow": "file:../Design-system-multiplataforma-desde-cero"
      }
    },
    "../Design-system-multiplataforma-desde-cero": {
      "name": "flow",
      "version": "0.3.0-platform-mvp",
      "workspaces": [
        "packages/*"
      ]
    },
    "node_modules/flow": {
      "resolved": "../Design-system-multiplataforma-desde-cero",
      "link": true
    }
  }
}
